// !$*UTF8*$!
{
	archiveVersion = 1;
	classes = {
	};
	objectVersion = 55;
	objects = {

/* Begin PBXBuildFile section */
		C0230E472771788500A3D02F /* SpaceApp.swift in Sources */ = {isa = PBXBuildFile; fileRef = C0230E372771788500A3D02F /* SpaceApp.swift */; };
		C0230E482771788500A3D02F /* SpaceApp.swift in Sources */ = {isa = PBXBuildFile; fileRef = C0230E372771788500A3D02F /* SpaceApp.swift */; };
		C0230E492771788500A3D02F /* ContentView.swift in Sources */ = {isa = PBXBuildFile; fileRef = C0230E382771788500A3D02F /* ContentView.swift */; };
		C0230E4A2771788500A3D02F /* ContentView.swift in Sources */ = {isa = PBXBuildFile; fileRef = C0230E382771788500A3D02F /* ContentView.swift */; };
		C0230E4B2771788500A3D02F /* Assets.xcassets in Resources */ = {isa = PBXBuildFile; fileRef = C0230E392771788500A3D02F /* Assets.xcassets */; };
		C0230E4C2771788500A3D02F /* Assets.xcassets in Resources */ = {isa = PBXBuildFile; fileRef = C0230E392771788500A3D02F /* Assets.xcassets */; };
		C0230E5A27717F3E00A3D02F /* Model.xcdatamodeld in Sources */ = {isa = PBXBuildFile; fileRef = C0230E5827717F3E00A3D02F /* Model.xcdatamodeld */; };
		C0230E5B27717F3E00A3D02F /* Model.xcdatamodeld in Sources */ = {isa = PBXBuildFile; fileRef = C0230E5827717F3E00A3D02F /* Model.xcdatamodeld */; };
		C0230E5D2771893900A3D02F /* DataController.swift in Sources */ = {isa = PBXBuildFile; fileRef = C0230E5C2771893900A3D02F /* DataController.swift */; };
		C0230E5E2771893900A3D02F /* DataController.swift in Sources */ = {isa = PBXBuildFile; fileRef = C0230E5C2771893900A3D02F /* DataController.swift */; };
		C0230E61277189CF00A3D02F /* Todo+CoreDataClass.swift in Sources */ = {isa = PBXBuildFile; fileRef = C0230E5F277189CF00A3D02F /* Todo+CoreDataClass.swift */; };
		C0230E62277189CF00A3D02F /* Todo+CoreDataClass.swift in Sources */ = {isa = PBXBuildFile; fileRef = C0230E5F277189CF00A3D02F /* Todo+CoreDataClass.swift */; };
		C0230E6727718A3C00A3D02F /* Todo+CoreDataHelpers.swift in Sources */ = {isa = PBXBuildFile; fileRef = C0230E6627718A3C00A3D02F /* Todo+CoreDataHelpers.swift */; };
		C0230E6827718A3C00A3D02F /* Todo+CoreDataHelpers.swift in Sources */ = {isa = PBXBuildFile; fileRef = C0230E6627718A3C00A3D02F /* Todo+CoreDataHelpers.swift */; };
		C06E93E5277F5F2F00C8D5CC /* OneMonthCalendarView.swift in Sources */ = {isa = PBXBuildFile; fileRef = C06E93E4277F5F2F00C8D5CC /* OneMonthCalendarView.swift */; };
		C06E93E6277F5F2F00C8D5CC /* OneMonthCalendarView.swift in Sources */ = {isa = PBXBuildFile; fileRef = C06E93E4277F5F2F00C8D5CC /* OneMonthCalendarView.swift */; };
		C06E93E8277F731700C8D5CC /* DecisionTree.swift in Sources */ = {isa = PBXBuildFile; fileRef = C06E93E7277F731700C8D5CC /* DecisionTree.swift */; };
		C06E93E9277F731700C8D5CC /* DecisionTree.swift in Sources */ = {isa = PBXBuildFile; fileRef = C06E93E7277F731700C8D5CC /* DecisionTree.swift */; };
		C06E93EB277F949000C8D5CC /* ScratchPaper.swift in Sources */ = {isa = PBXBuildFile; fileRef = C06E93EA277F949000C8D5CC /* ScratchPaper.swift */; };
		C06E93EC277F949000C8D5CC /* ScratchPaper.swift in Sources */ = {isa = PBXBuildFile; fileRef = C06E93EA277F949000C8D5CC /* ScratchPaper.swift */; };
		C06E93EE277FBE9300C8D5CC /* DateExtensions.swift in Sources */ = {isa = PBXBuildFile; fileRef = C06E93ED277FBE9300C8D5CC /* DateExtensions.swift */; };
		C06E93EF277FBE9300C8D5CC /* DateExtensions.swift in Sources */ = {isa = PBXBuildFile; fileRef = C06E93ED277FBE9300C8D5CC /* DateExtensions.swift */; };
		C06E93F3277FC89400C8D5CC /* MonthLayout.swift in Sources */ = {isa = PBXBuildFile; fileRef = C06E93F2277FC89400C8D5CC /* MonthLayout.swift */; };
		C06E93F4277FC89400C8D5CC /* MonthLayout.swift in Sources */ = {isa = PBXBuildFile; fileRef = C06E93F2277FC89400C8D5CC /* MonthLayout.swift */; };
		C07DB4B9277D389E0070DE26 /* TBBetaView.swift in Sources */ = {isa = PBXBuildFile; fileRef = C07DB4B8277D389E0070DE26 /* TBBetaView.swift */; };
		C07DB4BA277D389E0070DE26 /* TBBetaView.swift in Sources */ = {isa = PBXBuildFile; fileRef = C07DB4B8277D389E0070DE26 /* TBBetaView.swift */; };
		C07DB4BC277D69670070DE26 /* TBGammaView.swift in Sources */ = {isa = PBXBuildFile; fileRef = C07DB4BB277D69670070DE26 /* TBGammaView.swift */; };
		C07DB4BD277D69670070DE26 /* TBGammaView.swift in Sources */ = {isa = PBXBuildFile; fileRef = C07DB4BB277D69670070DE26 /* TBGammaView.swift */; };
		C07DB4C2277E12C30070DE26 /* TBOmegaView.swift in Sources */ = {isa = PBXBuildFile; fileRef = C07DB4C1277E12C30070DE26 /* TBOmegaView.swift */; };
		C07DB4C3277E12C30070DE26 /* TBOmegaView.swift in Sources */ = {isa = PBXBuildFile; fileRef = C07DB4C1277E12C30070DE26 /* TBOmegaView.swift */; };
		C07DB4C5277E31BB0070DE26 /* Tshape.swift in Sources */ = {isa = PBXBuildFile; fileRef = C07DB4C4277E31BB0070DE26 /* Tshape.swift */; };
		C07DB4C6277E31BB0070DE26 /* Tshape.swift in Sources */ = {isa = PBXBuildFile; fileRef = C07DB4C4277E31BB0070DE26 /* Tshape.swift */; };
		C07DB4C8277E42DE0070DE26 /* SizingController.swift in Sources */ = {isa = PBXBuildFile; fileRef = C07DB4C7277E42DE0070DE26 /* SizingController.swift */; };
		C07DB4C9277E42DE0070DE26 /* SizingController.swift in Sources */ = {isa = PBXBuildFile; fileRef = C07DB4C7277E42DE0070DE26 /* SizingController.swift */; };
		C07DB4CB277E6A930070DE26 /* RotatingPractice.swift in Sources */ = {isa = PBXBuildFile; fileRef = C07DB4CA277E6A930070DE26 /* RotatingPractice.swift */; };
		C07DB4CC277E6A930070DE26 /* RotatingPractice.swift in Sources */ = {isa = PBXBuildFile; fileRef = C07DB4CA277E6A930070DE26 /* RotatingPractice.swift */; };
		C07DB4CE277E708A0070DE26 /* Flashcard.swift in Sources */ = {isa = PBXBuildFile; fileRef = C07DB4CD277E708A0070DE26 /* Flashcard.swift */; };
		C07DB4CF277E708A0070DE26 /* Flashcard.swift in Sources */ = {isa = PBXBuildFile; fileRef = C07DB4CD277E708A0070DE26 /* Flashcard.swift */; };
		C07DB4D2277E891A0070DE26 /* HalfScreenLayout.swift in Sources */ = {isa = PBXBuildFile; fileRef = C07DB4D1277E891A0070DE26 /* HalfScreenLayout.swift */; };
		C07DB4D3277E891A0070DE26 /* HalfScreenLayout.swift in Sources */ = {isa = PBXBuildFile; fileRef = C07DB4D1277E891A0070DE26 /* HalfScreenLayout.swift */; };
		C08BC508277410AD00E4F54C /* TodoView.swift in Sources */ = {isa = PBXBuildFile; fileRef = C08BC507277410AD00E4F54C /* TodoView.swift */; };
		C08BC509277410AD00E4F54C /* TodoView.swift in Sources */ = {isa = PBXBuildFile; fileRef = C08BC507277410AD00E4F54C /* TodoView.swift */; };
		C08BC50B2774110500E4F54C /* ViewType.swift in Sources */ = {isa = PBXBuildFile; fileRef = C08BC50A2774110500E4F54C /* ViewType.swift */; };
		C08BC50C2774110500E4F54C /* ViewType.swift in Sources */ = {isa = PBXBuildFile; fileRef = C08BC50A2774110500E4F54C /* ViewType.swift */; };
		C08BC50E2774152C00E4F54C /* PreviewExtensions.swift in Sources */ = {isa = PBXBuildFile; fileRef = C08BC50D2774152C00E4F54C /* PreviewExtensions.swift */; };
		C08BC50F2774152C00E4F54C /* PreviewExtensions.swift in Sources */ = {isa = PBXBuildFile; fileRef = C08BC50D2774152C00E4F54C /* PreviewExtensions.swift */; };
		C08BC5112774CF4600E4F54C /* TestData.swift in Sources */ = {isa = PBXBuildFile; fileRef = C08BC5102774CF4600E4F54C /* TestData.swift */; };
		C08BC5122774CF4600E4F54C /* TestData.swift in Sources */ = {isa = PBXBuildFile; fileRef = C08BC5102774CF4600E4F54C /* TestData.swift */; };
		C08BC51427758E4F00E4F54C /* RoundedCorner.swift in Sources */ = {isa = PBXBuildFile; fileRef = C08BC51327758E4F00E4F54C /* RoundedCorner.swift */; };
		C08BC51527758E4F00E4F54C /* RoundedCorner.swift in Sources */ = {isa = PBXBuildFile; fileRef = C08BC51327758E4F00E4F54C /* RoundedCorner.swift */; };
		C08BC5172776221F00E4F54C /* Timeline.swift in Sources */ = {isa = PBXBuildFile; fileRef = C08BC5162776221F00E4F54C /* Timeline.swift */; };
		C08BC5182776221F00E4F54C /* Timeline.swift in Sources */ = {isa = PBXBuildFile; fileRef = C08BC5162776221F00E4F54C /* Timeline.swift */; };
		C08BC51A2776258600E4F54C /* TimeBlock.swift in Sources */ = {isa = PBXBuildFile; fileRef = C08BC5192776258600E4F54C /* TimeBlock.swift */; };
		C08BC51B2776258600E4F54C /* TimeBlock.swift in Sources */ = {isa = PBXBuildFile; fileRef = C08BC5192776258600E4F54C /* TimeBlock.swift */; };
		C08BC51D277655C700E4F54C /* Models.swift in Sources */ = {isa = PBXBuildFile; fileRef = C08BC51C277655C700E4F54C /* Models.swift */; };
		C08BC51E277655C700E4F54C /* Models.swift in Sources */ = {isa = PBXBuildFile; fileRef = C08BC51C277655C700E4F54C /* Models.swift */; };
		C08BC5202777AA8A00E4F54C /* TodayView.swift in Sources */ = {isa = PBXBuildFile; fileRef = C08BC51F2777AA8A00E4F54C /* TodayView.swift */; };
		C08BC5212777AA8A00E4F54C /* TodayView.swift in Sources */ = {isa = PBXBuildFile; fileRef = C08BC51F2777AA8A00E4F54C /* TodayView.swift */; };
		C08BC5232777B1A200E4F54C /* StateController.swift in Sources */ = {isa = PBXBuildFile; fileRef = C08BC5222777B1A200E4F54C /* StateController.swift */; };
		C08BC5242777B1A200E4F54C /* StateController.swift in Sources */ = {isa = PBXBuildFile; fileRef = C08BC5222777B1A200E4F54C /* StateController.swift */; };
		C08BC5262777B23800E4F54C /* StorageController.swift in Sources */ = {isa = PBXBuildFile; fileRef = C08BC5252777B23800E4F54C /* StorageController.swift */; };
		C08BC5272777B23800E4F54C /* StorageController.swift in Sources */ = {isa = PBXBuildFile; fileRef = C08BC5252777B23800E4F54C /* StorageController.swift */; };
		C08BC529277AB80600E4F54C /* PlannerView.swift in Sources */ = {isa = PBXBuildFile; fileRef = C08BC528277AB80600E4F54C /* PlannerView.swift */; };
		C08BC52A277AB80600E4F54C /* PlannerView.swift in Sources */ = {isa = PBXBuildFile; fileRef = C08BC528277AB80600E4F54C /* PlannerView.swift */; };
		C08BC52F277AC39100E4F54C /* TimeblockingSkeletonView.swift in Sources */ = {isa = PBXBuildFile; fileRef = C08BC52E277AC39100E4F54C /* TimeblockingSkeletonView.swift */; };
		C08BC530277AC39100E4F54C /* TimeblockingSkeletonView.swift in Sources */ = {isa = PBXBuildFile; fileRef = C08BC52E277AC39100E4F54C /* TimeblockingSkeletonView.swift */; };
		C08BC533277D17CD00E4F54C /* Algorithms in Frameworks */ = {isa = PBXBuildFile; productRef = C08BC532277D17CD00E4F54C /* Algorithms */; };
		C08BC536277D180E00E4F54C /* Collections in Frameworks */ = {isa = PBXBuildFile; productRef = C08BC535277D180E00E4F54C /* Collections */; };
		C08BC538277D180E00E4F54C /* DequeModule in Frameworks */ = {isa = PBXBuildFile; productRef = C08BC537277D180E00E4F54C /* DequeModule */; };
		C08BC53A277D180E00E4F54C /* OrderedCollections in Frameworks */ = {isa = PBXBuildFile; productRef = C08BC539277D180E00E4F54C /* OrderedCollections */; };
		C08BC53C277D1B0B00E4F54C /* TimeBlockingView.swift in Sources */ = {isa = PBXBuildFile; fileRef = C08BC53B277D1B0B00E4F54C /* TimeBlockingView.swift */; };
		C08BC53D277D1B0B00E4F54C /* TimeBlockingView.swift in Sources */ = {isa = PBXBuildFile; fileRef = C08BC53B277D1B0B00E4F54C /* TimeBlockingView.swift */; };
/* End PBXBuildFile section */

/* Begin PBXFileReference section */
		C0230E372771788500A3D02F /* SpaceApp.swift */ = {isa = PBXFileReference; lastKnownFileType = sourcecode.swift; path = SpaceApp.swift; sourceTree = "<group>"; };
		C0230E382771788500A3D02F /* ContentView.swift */ = {isa = PBXFileReference; lastKnownFileType = sourcecode.swift; path = ContentView.swift; sourceTree = "<group>"; };
		C0230E392771788500A3D02F /* Assets.xcassets */ = {isa = PBXFileReference; lastKnownFileType = folder.assetcatalog; path = Assets.xcassets; sourceTree = "<group>"; };
		C0230E3E2771788500A3D02F /* Space.app */ = {isa = PBXFileReference; explicitFileType = wrapper.application; includeInIndex = 0; path = Space.app; sourceTree = BUILT_PRODUCTS_DIR; };
		C0230E442771788500A3D02F /* Space.app */ = {isa = PBXFileReference; explicitFileType = wrapper.application; includeInIndex = 0; path = Space.app; sourceTree = BUILT_PRODUCTS_DIR; };
		C0230E462771788500A3D02F /* macOS.entitlements */ = {isa = PBXFileReference; lastKnownFileType = text.plist.entitlements; path = macOS.entitlements; sourceTree = "<group>"; };
		C0230E5927717F3E00A3D02F /* Model.xcdatamodel */ = {isa = PBXFileReference; lastKnownFileType = wrapper.xcdatamodel; path = Model.xcdatamodel; sourceTree = "<group>"; };
		C0230E5C2771893900A3D02F /* DataController.swift */ = {isa = PBXFileReference; lastKnownFileType = sourcecode.swift; path = DataController.swift; sourceTree = "<group>"; };
		C0230E5F277189CF00A3D02F /* Todo+CoreDataClass.swift */ = {isa = PBXFileReference; lastKnownFileType = sourcecode.swift; path = "Todo+CoreDataClass.swift"; sourceTree = "<group>"; };
		C0230E6627718A3C00A3D02F /* Todo+CoreDataHelpers.swift */ = {isa = PBXFileReference; lastKnownFileType = sourcecode.swift; path = "Todo+CoreDataHelpers.swift"; sourceTree = "<group>"; };
		C06E93E4277F5F2F00C8D5CC /* OneMonthCalendarView.swift */ = {isa = PBXFileReference; lastKnownFileType = sourcecode.swift; path = OneMonthCalendarView.swift; sourceTree = "<group>"; };
		C06E93E7277F731700C8D5CC /* DecisionTree.swift */ = {isa = PBXFileReference; lastKnownFileType = sourcecode.swift; path = DecisionTree.swift; sourceTree = "<group>"; };
		C06E93EA277F949000C8D5CC /* ScratchPaper.swift */ = {isa = PBXFileReference; lastKnownFileType = sourcecode.swift; path = ScratchPaper.swift; sourceTree = "<group>"; };
		C06E93ED277FBE9300C8D5CC /* DateExtensions.swift */ = {isa = PBXFileReference; lastKnownFileType = sourcecode.swift; path = DateExtensions.swift; sourceTree = "<group>"; };
		C06E93F2277FC89400C8D5CC /* MonthLayout.swift */ = {isa = PBXFileReference; lastKnownFileType = sourcecode.swift; path = MonthLayout.swift; sourceTree = "<group>"; };
		C07DB4B8277D389E0070DE26 /* TBBetaView.swift */ = {isa = PBXFileReference; lastKnownFileType = sourcecode.swift; path = TBBetaView.swift; sourceTree = "<group>"; };
		C07DB4BB277D69670070DE26 /* TBGammaView.swift */ = {isa = PBXFileReference; lastKnownFileType = sourcecode.swift; path = TBGammaView.swift; sourceTree = "<group>"; };
		C07DB4C1277E12C30070DE26 /* TBOmegaView.swift */ = {isa = PBXFileReference; lastKnownFileType = sourcecode.swift; path = TBOmegaView.swift; sourceTree = "<group>"; };
		C07DB4C4277E31BB0070DE26 /* Tshape.swift */ = {isa = PBXFileReference; lastKnownFileType = sourcecode.swift; path = Tshape.swift; sourceTree = "<group>"; };
		C07DB4C7277E42DE0070DE26 /* SizingController.swift */ = {isa = PBXFileReference; lastKnownFileType = sourcecode.swift; path = SizingController.swift; sourceTree = "<group>"; };
		C07DB4CA277E6A930070DE26 /* RotatingPractice.swift */ = {isa = PBXFileReference; lastKnownFileType = sourcecode.swift; path = RotatingPractice.swift; sourceTree = "<group>"; };
		C07DB4CD277E708A0070DE26 /* Flashcard.swift */ = {isa = PBXFileReference; lastKnownFileType = sourcecode.swift; path = Flashcard.swift; sourceTree = "<group>"; };
		C07DB4D1277E891A0070DE26 /* HalfScreenLayout.swift */ = {isa = PBXFileReference; lastKnownFileType = sourcecode.swift; path = HalfScreenLayout.swift; sourceTree = "<group>"; };
		C08BC507277410AD00E4F54C /* TodoView.swift */ = {isa = PBXFileReference; lastKnownFileType = sourcecode.swift; path = TodoView.swift; sourceTree = "<group>"; };
		C08BC50A2774110500E4F54C /* ViewType.swift */ = {isa = PBXFileReference; lastKnownFileType = sourcecode.swift; path = ViewType.swift; sourceTree = "<group>"; };
		C08BC50D2774152C00E4F54C /* PreviewExtensions.swift */ = {isa = PBXFileReference; lastKnownFileType = sourcecode.swift; path = PreviewExtensions.swift; sourceTree = "<group>"; };
		C08BC5102774CF4600E4F54C /* TestData.swift */ = {isa = PBXFileReference; lastKnownFileType = sourcecode.swift; path = TestData.swift; sourceTree = "<group>"; };
		C08BC51327758E4F00E4F54C /* RoundedCorner.swift */ = {isa = PBXFileReference; lastKnownFileType = sourcecode.swift; path = RoundedCorner.swift; sourceTree = "<group>"; };
		C08BC5162776221F00E4F54C /* Timeline.swift */ = {isa = PBXFileReference; lastKnownFileType = sourcecode.swift; path = Timeline.swift; sourceTree = "<group>"; };
		C08BC5192776258600E4F54C /* TimeBlock.swift */ = {isa = PBXFileReference; lastKnownFileType = sourcecode.swift; path = TimeBlock.swift; sourceTree = "<group>"; };
		C08BC51C277655C700E4F54C /* Models.swift */ = {isa = PBXFileReference; lastKnownFileType = sourcecode.swift; path = Models.swift; sourceTree = "<group>"; };
		C08BC51F2777AA8A00E4F54C /* TodayView.swift */ = {isa = PBXFileReference; lastKnownFileType = sourcecode.swift; path = TodayView.swift; sourceTree = "<group>"; };
		C08BC5222777B1A200E4F54C /* StateController.swift */ = {isa = PBXFileReference; lastKnownFileType = sourcecode.swift; path = StateController.swift; sourceTree = "<group>"; };
		C08BC5252777B23800E4F54C /* StorageController.swift */ = {isa = PBXFileReference; lastKnownFileType = sourcecode.swift; path = StorageController.swift; sourceTree = "<group>"; };
		C08BC528277AB80600E4F54C /* PlannerView.swift */ = {isa = PBXFileReference; lastKnownFileType = sourcecode.swift; path = PlannerView.swift; sourceTree = "<group>"; };
		C08BC52E277AC39100E4F54C /* TimeblockingSkeletonView.swift */ = {isa = PBXFileReference; lastKnownFileType = sourcecode.swift; path = TimeblockingSkeletonView.swift; sourceTree = "<group>"; };
		C08BC53B277D1B0B00E4F54C /* TimeBlockingView.swift */ = {isa = PBXFileReference; lastKnownFileType = sourcecode.swift; path = TimeBlockingView.swift; sourceTree = "<group>"; };
/* End PBXFileReference section */

/* Begin PBXFrameworksBuildPhase section */
		C0230E3B2771788500A3D02F /* Frameworks */ = {
			isa = PBXFrameworksBuildPhase;
			buildActionMask = 2147483647;
			files = (
				C08BC536277D180E00E4F54C /* Collections in Frameworks */,
				C08BC533277D17CD00E4F54C /* Algorithms in Frameworks */,
				C08BC53A277D180E00E4F54C /* OrderedCollections in Frameworks */,
				C08BC538277D180E00E4F54C /* DequeModule in Frameworks */,
			);
			runOnlyForDeploymentPostprocessing = 0;
		};
		C0230E412771788500A3D02F /* Frameworks */ = {
			isa = PBXFrameworksBuildPhase;
			buildActionMask = 2147483647;
			files = (
			);
			runOnlyForDeploymentPostprocessing = 0;
		};
/* End PBXFrameworksBuildPhase section */

/* Begin PBXGroup section */
		C0230E312771788500A3D02F = {
			isa = PBXGroup;
			children = (
				C0230E65277189EB00A3D02F /* CoreData */,
				C0230E362771788500A3D02F /* Shared */,
				C0230E452771788500A3D02F /* macOS */,
				C0230E3F2771788500A3D02F /* Products */,
			);
			sourceTree = "<group>";
		};
		C0230E362771788500A3D02F /* Shared */ = {
			isa = PBXGroup;
			children = (
				C0230E392771788500A3D02F /* Assets.xcassets */,
				C0230E382771788500A3D02F /* ContentView.swift */,
				C07DB4D5277E8C5E0070DE26 /* Controller */,
				C06E93F1277FC86200C8D5CC /* Models */,
				C08BC528277AB80600E4F54C /* PlannerView.swift */,
				C07DB4D0277E88A60070DE26 /* Scratch Paper */,
				C07DB4D4277E8C1F0070DE26 /* Solid Views */,
				C07DB4B8277D389E0070DE26 /* TBBetaView.swift */,
				C07DB4BB277D69670070DE26 /* TBGammaView.swift */,
				C07DB4C1277E12C30070DE26 /* TBOmegaView.swift */,
				C08BC5192776258600E4F54C /* TimeBlock.swift */,
				C08BC52E277AC39100E4F54C /* TimeblockingSkeletonView.swift */,
				C08BC53B277D1B0B00E4F54C /* TimeBlockingView.swift */,
				C08BC5162776221F00E4F54C /* Timeline.swift */,
				C07DB4D6277E8C960070DE26 /* Utilities */,
				C08BC507277410AD00E4F54C /* TodoView.swift */,
			);
			path = Shared;
			sourceTree = "<group>";
		};
		C0230E3F2771788500A3D02F /* Products */ = {
			isa = PBXGroup;
			children = (
				C0230E3E2771788500A3D02F /* Space.app */,
				C0230E442771788500A3D02F /* Space.app */,
			);
			name = Products;
			sourceTree = "<group>";
		};
		C0230E452771788500A3D02F /* macOS */ = {
			isa = PBXGroup;
			children = (
				C0230E462771788500A3D02F /* macOS.entitlements */,
			);
			path = macOS;
			sourceTree = "<group>";
		};
		C0230E65277189EB00A3D02F /* CoreData */ = {
			isa = PBXGroup;
			children = (
				C0230E5827717F3E00A3D02F /* Model.xcdatamodeld */,
				C0230E5F277189CF00A3D02F /* Todo+CoreDataClass.swift */,
				C0230E6627718A3C00A3D02F /* Todo+CoreDataHelpers.swift */,
			);
			path = CoreData;
			sourceTree = "<group>";
		};
		C06E93F0277FC84300C8D5CC /* Models */ = {
			isa = PBXGroup;
			children = (
			);
			path = Models;
			sourceTree = "<group>";
		};
		C06E93F1277FC86200C8D5CC /* Models */ = {
			isa = PBXGroup;
			children = (
				C08BC51C277655C700E4F54C /* Models.swift */,
				C06E93F2277FC89400C8D5CC /* MonthLayout.swift */,
			);
			path = Models;
			sourceTree = "<group>";
		};
		C07DB4D0277E88A60070DE26 /* Scratch Paper */ = {
			isa = PBXGroup;
			children = (
				C07DB4CD277E708A0070DE26 /* Flashcard.swift */,
				C07DB4CA277E6A930070DE26 /* RotatingPractice.swift */,
				C07DB4C4277E31BB0070DE26 /* Tshape.swift */,
				C06E93EA277F949000C8D5CC /* ScratchPaper.swift */,
			);
			path = "Scratch Paper";
			sourceTree = "<group>";
		};
		C07DB4D4277E8C1F0070DE26 /* Solid Views */ = {
			isa = PBXGroup;
			children = (
				C07DB4D1277E891A0070DE26 /* HalfScreenLayout.swift */,
				C06E93E4277F5F2F00C8D5CC /* OneMonthCalendarView.swift */,
				C0230E372771788500A3D02F /* SpaceApp.swift */,
				C06E93E7277F731700C8D5CC /* DecisionTree.swift */,
				C08BC51F2777AA8A00E4F54C /* TodayView.swift */,
			);
			path = "Solid Views";
			sourceTree = "<group>";
		};
		C07DB4D5277E8C5E0070DE26 /* Controller */ = {
			isa = PBXGroup;
			children = (
				C06E93F0277FC84300C8D5CC /* Models */,
				C0230E5C2771893900A3D02F /* DataController.swift */,
				C07DB4C7277E42DE0070DE26 /* SizingController.swift */,
				C08BC5222777B1A200E4F54C /* StateController.swift */,
				C08BC5252777B23800E4F54C /* StorageController.swift */,
			);
			path = Controller;
			sourceTree = "<group>";
		};
		C07DB4D6277E8C960070DE26 /* Utilities */ = {
			isa = PBXGroup;
			children = (
				C06E93ED277FBE9300C8D5CC /* DateExtensions.swift */,
				C08BC50D2774152C00E4F54C /* PreviewExtensions.swift */,
				C08BC51327758E4F00E4F54C /* RoundedCorner.swift */,
				C08BC5102774CF4600E4F54C /* TestData.swift */,
				C08BC50A2774110500E4F54C /* ViewType.swift */,
			);
			path = Utilities;
			sourceTree = "<group>";
		};
/* End PBXGroup section */

/* Begin PBXNativeTarget section */
		C0230E3D2771788500A3D02F /* Space (iOS) */ = {
			isa = PBXNativeTarget;
			buildConfigurationList = C0230E4F2771788500A3D02F /* Build configuration list for PBXNativeTarget "Space (iOS)" */;
			buildPhases = (
				C0230E3A2771788500A3D02F /* Sources */,
				C0230E3B2771788500A3D02F /* Frameworks */,
				C0230E3C2771788500A3D02F /* Resources */,
			);
			buildRules = (
			);
			dependencies = (
			);
			name = "Space (iOS)";
			packageProductDependencies = (
				C08BC532277D17CD00E4F54C /* Algorithms */,
				C08BC535277D180E00E4F54C /* Collections */,
				C08BC537277D180E00E4F54C /* DequeModule */,
				C08BC539277D180E00E4F54C /* OrderedCollections */,
			);
			productName = "Space (iOS)";
			productReference = C0230E3E2771788500A3D02F /* Space.app */;
			productType = "com.apple.product-type.application";
		};
		C0230E432771788500A3D02F /* Space (macOS) */ = {
			isa = PBXNativeTarget;
			buildConfigurationList = C0230E522771788500A3D02F /* Build configuration list for PBXNativeTarget "Space (macOS)" */;
			buildPhases = (
				C0230E402771788500A3D02F /* Sources */,
				C0230E412771788500A3D02F /* Frameworks */,
				C0230E422771788500A3D02F /* Resources */,
			);
			buildRules = (
			);
			dependencies = (
			);
			name = "Space (macOS)";
			productName = "Space (macOS)";
			productReference = C0230E442771788500A3D02F /* Space.app */;
			productType = "com.apple.product-type.application";
		};
/* End PBXNativeTarget section */

/* Begin PBXProject section */
		C0230E322771788500A3D02F /* Project object */ = {
			isa = PBXProject;
			attributes = {
				BuildIndependentTargetsInParallel = 1;
				LastSwiftUpdateCheck = 1320;
				LastUpgradeCheck = 1320;
				TargetAttributes = {
					C0230E3D2771788500A3D02F = {
						CreatedOnToolsVersion = 13.2.1;
					};
					C0230E432771788500A3D02F = {
						CreatedOnToolsVersion = 13.2.1;
					};
				};
			};
			buildConfigurationList = C0230E352771788500A3D02F /* Build configuration list for PBXProject "Space" */;
			compatibilityVersion = "Xcode 13.0";
			developmentRegion = en;
			hasScannedForEncodings = 0;
			knownRegions = (
				en,
				Base,
			);
			mainGroup = C0230E312771788500A3D02F;
			packageReferences = (
				C08BC531277D17CD00E4F54C /* XCRemoteSwiftPackageReference "swift-algorithms" */,
				C08BC534277D180E00E4F54C /* XCRemoteSwiftPackageReference "swift-collections" */,
			);
			productRefGroup = C0230E3F2771788500A3D02F /* Products */;
			projectDirPath = "";
			projectRoot = "";
			targets = (
				C0230E3D2771788500A3D02F /* Space (iOS) */,
				C0230E432771788500A3D02F /* Space (macOS) */,
			);
		};
/* End PBXProject section */

/* Begin PBXResourcesBuildPhase section */
		C0230E3C2771788500A3D02F /* Resources */ = {
			isa = PBXResourcesBuildPhase;
			buildActionMask = 2147483647;
			files = (
				C0230E4B2771788500A3D02F /* Assets.xcassets in Resources */,
			);
			runOnlyForDeploymentPostprocessing = 0;
		};
		C0230E422771788500A3D02F /* Resources */ = {
			isa = PBXResourcesBuildPhase;
			buildActionMask = 2147483647;
			files = (
				C0230E4C2771788500A3D02F /* Assets.xcassets in Resources */,
			);
			runOnlyForDeploymentPostprocessing = 0;
		};
/* End PBXResourcesBuildPhase section */

/* Begin PBXSourcesBuildPhase section */
		C0230E3A2771788500A3D02F /* Sources */ = {
			isa = PBXSourcesBuildPhase;
			buildActionMask = 2147483647;
			files = (
				C07DB4BC277D69670070DE26 /* TBGammaView.swift in Sources */,
				C08BC51A2776258600E4F54C /* TimeBlock.swift in Sources */,
				C08BC5172776221F00E4F54C /* Timeline.swift in Sources */,
				C0230E5D2771893900A3D02F /* DataController.swift in Sources */,
				C07DB4C5277E31BB0070DE26 /* Tshape.swift in Sources */,
				C0230E492771788500A3D02F /* ContentView.swift in Sources */,
				C07DB4CE277E708A0070DE26 /* Flashcard.swift in Sources */,
				C06E93F3277FC89400C8D5CC /* MonthLayout.swift in Sources */,
				C08BC50E2774152C00E4F54C /* PreviewExtensions.swift in Sources */,
				C08BC529277AB80600E4F54C /* PlannerView.swift in Sources */,
				C08BC5232777B1A200E4F54C /* StateController.swift in Sources */,
				C08BC5112774CF4600E4F54C /* TestData.swift in Sources */,
				C07DB4C8277E42DE0070DE26 /* SizingController.swift in Sources */,
				C08BC508277410AD00E4F54C /* TodoView.swift in Sources */,
				C07DB4CB277E6A930070DE26 /* RotatingPractice.swift in Sources */,
				C08BC5262777B23800E4F54C /* StorageController.swift in Sources */,
				C0230E6727718A3C00A3D02F /* Todo+CoreDataHelpers.swift in Sources */,
				C06E93E5277F5F2F00C8D5CC /* OneMonthCalendarView.swift in Sources */,
				C08BC52F277AC39100E4F54C /* TimeblockingSkeletonView.swift in Sources */,
				C0230E472771788500A3D02F /* SpaceApp.swift in Sources */,
				C07DB4D2277E891A0070DE26 /* HalfScreenLayout.swift in Sources */,
				C06E93EB277F949000C8D5CC /* ScratchPaper.swift in Sources */,
				C0230E5A27717F3E00A3D02F /* Model.xcdatamodeld in Sources */,
				C06E93E8277F731700C8D5CC /* DecisionTree.swift in Sources */,
				C08BC50B2774110500E4F54C /* ViewType.swift in Sources */,
				C07DB4C2277E12C30070DE26 /* TBOmegaView.swift in Sources */,
				C08BC51427758E4F00E4F54C /* RoundedCorner.swift in Sources */,
				C08BC53C277D1B0B00E4F54C /* TimeBlockingView.swift in Sources */,
				C07DB4B9277D389E0070DE26 /* TBBetaView.swift in Sources */,
				C0230E61277189CF00A3D02F /* Todo+CoreDataClass.swift in Sources */,
				C06E93EE277FBE9300C8D5CC /* DateExtensions.swift in Sources */,
				C08BC5202777AA8A00E4F54C /* TodayView.swift in Sources */,
				C08BC51D277655C700E4F54C /* Models.swift in Sources */,
			);
			runOnlyForDeploymentPostprocessing = 0;
		};
		C0230E402771788500A3D02F /* Sources */ = {
			isa = PBXSourcesBuildPhase;
			buildActionMask = 2147483647;
			files = (
				C07DB4BD277D69670070DE26 /* TBGammaView.swift in Sources */,
				C08BC51B2776258600E4F54C /* TimeBlock.swift in Sources */,
				C08BC5182776221F00E4F54C /* Timeline.swift in Sources */,
				C0230E5E2771893900A3D02F /* DataController.swift in Sources */,
				C07DB4C6277E31BB0070DE26 /* Tshape.swift in Sources */,
				C0230E4A2771788500A3D02F /* ContentView.swift in Sources */,
				C07DB4CF277E708A0070DE26 /* Flashcard.swift in Sources */,
				C06E93F4277FC89400C8D5CC /* MonthLayout.swift in Sources */,
				C08BC50F2774152C00E4F54C /* PreviewExtensions.swift in Sources */,
				C08BC52A277AB80600E4F54C /* PlannerView.swift in Sources */,
				C08BC5242777B1A200E4F54C /* StateController.swift in Sources */,
				C08BC5122774CF4600E4F54C /* TestData.swift in Sources */,
				C07DB4C9277E42DE0070DE26 /* SizingController.swift in Sources */,
				C08BC509277410AD00E4F54C /* TodoView.swift in Sources */,
				C07DB4CC277E6A930070DE26 /* RotatingPractice.swift in Sources */,
				C08BC5272777B23800E4F54C /* StorageController.swift in Sources */,
				C0230E6827718A3C00A3D02F /* Todo+CoreDataHelpers.swift in Sources */,
				C06E93E6277F5F2F00C8D5CC /* OneMonthCalendarView.swift in Sources */,
				C08BC530277AC39100E4F54C /* TimeblockingSkeletonView.swift in Sources */,
				C0230E482771788500A3D02F /* SpaceApp.swift in Sources */,
				C07DB4D3277E891A0070DE26 /* HalfScreenLayout.swift in Sources */,
				C06E93EC277F949000C8D5CC /* ScratchPaper.swift in Sources */,
				C0230E5B27717F3E00A3D02F /* Model.xcdatamodeld in Sources */,
				C06E93E9277F731700C8D5CC /* DecisionTree.swift in Sources */,
				C08BC50C2774110500E4F54C /* ViewType.swift in Sources */,
				C07DB4C3277E12C30070DE26 /* TBOmegaView.swift in Sources */,
				C08BC51527758E4F00E4F54C /* RoundedCorner.swift in Sources */,
				C08BC53D277D1B0B00E4F54C /* TimeBlockingView.swift in Sources */,
				C07DB4BA277D389E0070DE26 /* TBBetaView.swift in Sources */,
				C0230E62277189CF00A3D02F /* Todo+CoreDataClass.swift in Sources */,
				C06E93EF277FBE9300C8D5CC /* DateExtensions.swift in Sources */,
				C08BC5212777AA8A00E4F54C /* TodayView.swift in Sources */,
				C08BC51E277655C700E4F54C /* Models.swift in Sources */,
			);
			runOnlyForDeploymentPostprocessing = 0;
		};
/* End PBXSourcesBuildPhase section */

/* Begin XCBuildConfiguration section */
		C0230E4D2771788500A3D02F /* Debug */ = {
			isa = XCBuildConfiguration;
			buildSettings = {
				ALWAYS_SEARCH_USER_PATHS = NO;
				CLANG_ANALYZER_NONNULL = YES;
				CLANG_ANALYZER_NUMBER_OBJECT_CONVERSION = YES_AGGRESSIVE;
				CLANG_CXX_LANGUAGE_STANDARD = "gnu++17";
				CLANG_CXX_LIBRARY = "libc++";
				CLANG_ENABLE_MODULES = YES;
				CLANG_ENABLE_OBJC_ARC = YES;
				CLANG_ENABLE_OBJC_WEAK = YES;
				CLANG_WARN_BLOCK_CAPTURE_AUTORELEASING = YES;
				CLANG_WARN_BOOL_CONVERSION = YES;
				CLANG_WARN_COMMA = YES;
				CLANG_WARN_CONSTANT_CONVERSION = YES;
				CLANG_WARN_DEPRECATED_OBJC_IMPLEMENTATIONS = YES;
				CLANG_WARN_DIRECT_OBJC_ISA_USAGE = YES_ERROR;
				CLANG_WARN_DOCUMENTATION_COMMENTS = YES;
				CLANG_WARN_EMPTY_BODY = YES;
				CLANG_WARN_ENUM_CONVERSION = YES;
				CLANG_WARN_INFINITE_RECURSION = YES;
				CLANG_WARN_INT_CONVERSION = YES;
				CLANG_WARN_NON_LITERAL_NULL_CONVERSION = YES;
				CLANG_WARN_OBJC_IMPLICIT_RETAIN_SELF = YES;
				CLANG_WARN_OBJC_LITERAL_CONVERSION = YES;
				CLANG_WARN_OBJC_ROOT_CLASS = YES_ERROR;
				CLANG_WARN_QUOTED_INCLUDE_IN_FRAMEWORK_HEADER = YES;
				CLANG_WARN_RANGE_LOOP_ANALYSIS = YES;
				CLANG_WARN_STRICT_PROTOTYPES = YES;
				CLANG_WARN_SUSPICIOUS_MOVE = YES;
				CLANG_WARN_UNGUARDED_AVAILABILITY = YES_AGGRESSIVE;
				CLANG_WARN_UNREACHABLE_CODE = YES;
				CLANG_WARN__DUPLICATE_METHOD_MATCH = YES;
				COPY_PHASE_STRIP = NO;
				DEBUG_INFORMATION_FORMAT = dwarf;
				ENABLE_STRICT_OBJC_MSGSEND = YES;
				ENABLE_TESTABILITY = YES;
				GCC_C_LANGUAGE_STANDARD = gnu11;
				GCC_DYNAMIC_NO_PIC = NO;
				GCC_NO_COMMON_BLOCKS = YES;
				GCC_OPTIMIZATION_LEVEL = 0;
				GCC_PREPROCESSOR_DEFINITIONS = (
					"DEBUG=1",
					"$(inherited)",
				);
				GCC_WARN_64_TO_32_BIT_CONVERSION = YES;
				GCC_WARN_ABOUT_RETURN_TYPE = YES_ERROR;
				GCC_WARN_UNDECLARED_SELECTOR = YES;
				GCC_WARN_UNINITIALIZED_AUTOS = YES_AGGRESSIVE;
				GCC_WARN_UNUSED_FUNCTION = YES;
				GCC_WARN_UNUSED_VARIABLE = YES;
				MTL_ENABLE_DEBUG_INFO = INCLUDE_SOURCE;
				MTL_FAST_MATH = YES;
				ONLY_ACTIVE_ARCH = YES;
				SWIFT_ACTIVE_COMPILATION_CONDITIONS = DEBUG;
				SWIFT_OPTIMIZATION_LEVEL = "-Onone";
			};
			name = Debug;
		};
		C0230E4E2771788500A3D02F /* Release */ = {
			isa = XCBuildConfiguration;
			buildSettings = {
				ALWAYS_SEARCH_USER_PATHS = NO;
				CLANG_ANALYZER_NONNULL = YES;
				CLANG_ANALYZER_NUMBER_OBJECT_CONVERSION = YES_AGGRESSIVE;
				CLANG_CXX_LANGUAGE_STANDARD = "gnu++17";
				CLANG_CXX_LIBRARY = "libc++";
				CLANG_ENABLE_MODULES = YES;
				CLANG_ENABLE_OBJC_ARC = YES;
				CLANG_ENABLE_OBJC_WEAK = YES;
				CLANG_WARN_BLOCK_CAPTURE_AUTORELEASING = YES;
				CLANG_WARN_BOOL_CONVERSION = YES;
				CLANG_WARN_COMMA = YES;
				CLANG_WARN_CONSTANT_CONVERSION = YES;
				CLANG_WARN_DEPRECATED_OBJC_IMPLEMENTATIONS = YES;
				CLANG_WARN_DIRECT_OBJC_ISA_USAGE = YES_ERROR;
				CLANG_WARN_DOCUMENTATION_COMMENTS = YES;
				CLANG_WARN_EMPTY_BODY = YES;
				CLANG_WARN_ENUM_CONVERSION = YES;
				CLANG_WARN_INFINITE_RECURSION = YES;
				CLANG_WARN_INT_CONVERSION = YES;
				CLANG_WARN_NON_LITERAL_NULL_CONVERSION = YES;
				CLANG_WARN_OBJC_IMPLICIT_RETAIN_SELF = YES;
				CLANG_WARN_OBJC_LITERAL_CONVERSION = YES;
				CLANG_WARN_OBJC_ROOT_CLASS = YES_ERROR;
				CLANG_WARN_QUOTED_INCLUDE_IN_FRAMEWORK_HEADER = YES;
				CLANG_WARN_RANGE_LOOP_ANALYSIS = YES;
				CLANG_WARN_STRICT_PROTOTYPES = YES;
				CLANG_WARN_SUSPICIOUS_MOVE = YES;
				CLANG_WARN_UNGUARDED_AVAILABILITY = YES_AGGRESSIVE;
				CLANG_WARN_UNREACHABLE_CODE = YES;
				CLANG_WARN__DUPLICATE_METHOD_MATCH = YES;
				COPY_PHASE_STRIP = NO;
				DEBUG_INFORMATION_FORMAT = "dwarf-with-dsym";
				ENABLE_NS_ASSERTIONS = NO;
				ENABLE_STRICT_OBJC_MSGSEND = YES;
				GCC_C_LANGUAGE_STANDARD = gnu11;
				GCC_NO_COMMON_BLOCKS = YES;
				GCC_WARN_64_TO_32_BIT_CONVERSION = YES;
				GCC_WARN_ABOUT_RETURN_TYPE = YES_ERROR;
				GCC_WARN_UNDECLARED_SELECTOR = YES;
				GCC_WARN_UNINITIALIZED_AUTOS = YES_AGGRESSIVE;
				GCC_WARN_UNUSED_FUNCTION = YES;
				GCC_WARN_UNUSED_VARIABLE = YES;
				MTL_ENABLE_DEBUG_INFO = NO;
				MTL_FAST_MATH = YES;
				SWIFT_COMPILATION_MODE = wholemodule;
				SWIFT_OPTIMIZATION_LEVEL = "-O";
			};
			name = Release;
		};
		C0230E502771788500A3D02F /* Debug */ = {
			isa = XCBuildConfiguration;
			buildSettings = {
				ASSETCATALOG_COMPILER_APPICON_NAME = AppIcon;
				ASSETCATALOG_COMPILER_GLOBAL_ACCENT_COLOR_NAME = AccentColor;
				CODE_SIGN_STYLE = Automatic;
				CURRENT_PROJECT_VERSION = 1;
				DEVELOPMENT_TEAM = WZ6C289HQ9;
				ENABLE_PREVIEWS = YES;
				GENERATE_INFOPLIST_FILE = YES;
				INFOPLIST_KEY_UIApplicationSceneManifest_Generation = YES;
				INFOPLIST_KEY_UIApplicationSupportsIndirectInputEvents = YES;
				INFOPLIST_KEY_UILaunchScreen_Generation = YES;
				INFOPLIST_KEY_UISupportedInterfaceOrientations_iPad = "UIInterfaceOrientationPortrait UIInterfaceOrientationPortraitUpsideDown UIInterfaceOrientationLandscapeLeft UIInterfaceOrientationLandscapeRight";
				INFOPLIST_KEY_UISupportedInterfaceOrientations_iPhone = "UIInterfaceOrientationPortrait UIInterfaceOrientationLandscapeLeft UIInterfaceOrientationLandscapeRight";
				IPHONEOS_DEPLOYMENT_TARGET = 15.2;
				LD_RUNPATH_SEARCH_PATHS = (
					"$(inherited)",
					"@executable_path/Frameworks",
				);
				MARKETING_VERSION = 1.0;
				PRODUCT_BUNDLE_IDENTIFIER = com.sgwags.Space;
				PRODUCT_NAME = Space;
				SDKROOT = iphoneos;
				SWIFT_EMIT_LOC_STRINGS = YES;
				SWIFT_VERSION = 5.0;
				TARGETED_DEVICE_FAMILY = "1,2";
			};
			name = Debug;
		};
		C0230E512771788500A3D02F /* Release */ = {
			isa = XCBuildConfiguration;
			buildSettings = {
				ASSETCATALOG_COMPILER_APPICON_NAME = AppIcon;
				ASSETCATALOG_COMPILER_GLOBAL_ACCENT_COLOR_NAME = AccentColor;
				CODE_SIGN_STYLE = Automatic;
				CURRENT_PROJECT_VERSION = 1;
				DEVELOPMENT_TEAM = WZ6C289HQ9;
				ENABLE_PREVIEWS = YES;
				GENERATE_INFOPLIST_FILE = YES;
				INFOPLIST_KEY_UIApplicationSceneManifest_Generation = YES;
				INFOPLIST_KEY_UIApplicationSupportsIndirectInputEvents = YES;
				INFOPLIST_KEY_UILaunchScreen_Generation = YES;
				INFOPLIST_KEY_UISupportedInterfaceOrientations_iPad = "UIInterfaceOrientationPortrait UIInterfaceOrientationPortraitUpsideDown UIInterfaceOrientationLandscapeLeft UIInterfaceOrientationLandscapeRight";
				INFOPLIST_KEY_UISupportedInterfaceOrientations_iPhone = "UIInterfaceOrientationPortrait UIInterfaceOrientationLandscapeLeft UIInterfaceOrientationLandscapeRight";
				IPHONEOS_DEPLOYMENT_TARGET = 15.2;
				LD_RUNPATH_SEARCH_PATHS = (
					"$(inherited)",
					"@executable_path/Frameworks",
				);
				MARKETING_VERSION = 1.0;
				PRODUCT_BUNDLE_IDENTIFIER = com.sgwags.Space;
				PRODUCT_NAME = Space;
				SDKROOT = iphoneos;
				SWIFT_EMIT_LOC_STRINGS = YES;
				SWIFT_VERSION = 5.0;
				TARGETED_DEVICE_FAMILY = "1,2";
				VALIDATE_PRODUCT = YES;
			};
			name = Release;
		};
		C0230E532771788500A3D02F /* Debug */ = {
			isa = XCBuildConfiguration;
			buildSettings = {
				ASSETCATALOG_COMPILER_APPICON_NAME = AppIcon;
				ASSETCATALOG_COMPILER_GLOBAL_ACCENT_COLOR_NAME = AccentColor;
				CODE_SIGN_ENTITLEMENTS = macOS/macOS.entitlements;
				CODE_SIGN_STYLE = Automatic;
				COMBINE_HIDPI_IMAGES = YES;
				CURRENT_PROJECT_VERSION = 1;
				DEVELOPMENT_TEAM = WZ6C289HQ9;
				ENABLE_HARDENED_RUNTIME = YES;
				ENABLE_PREVIEWS = YES;
				GENERATE_INFOPLIST_FILE = YES;
				INFOPLIST_KEY_NSHumanReadableCopyright = "";
				LD_RUNPATH_SEARCH_PATHS = (
					"$(inherited)",
					"@executable_path/../Frameworks",
				);
				MACOSX_DEPLOYMENT_TARGET = 12.1;
				MARKETING_VERSION = 1.0;
				PRODUCT_BUNDLE_IDENTIFIER = com.sgwags.Space;
				PRODUCT_NAME = Space;
				SDKROOT = macosx;
				SWIFT_EMIT_LOC_STRINGS = YES;
				SWIFT_VERSION = 5.0;
			};
			name = Debug;
		};
		C0230E542771788500A3D02F /* Release */ = {
			isa = XCBuildConfiguration;
			buildSettings = {
				ASSETCATALOG_COMPILER_APPICON_NAME = AppIcon;
				ASSETCATALOG_COMPILER_GLOBAL_ACCENT_COLOR_NAME = AccentColor;
				CODE_SIGN_ENTITLEMENTS = macOS/macOS.entitlements;
				CODE_SIGN_STYLE = Automatic;
				COMBINE_HIDPI_IMAGES = YES;
				CURRENT_PROJECT_VERSION = 1;
				DEVELOPMENT_TEAM = WZ6C289HQ9;
				ENABLE_HARDENED_RUNTIME = YES;
				ENABLE_PREVIEWS = YES;
				GENERATE_INFOPLIST_FILE = YES;
				INFOPLIST_KEY_NSHumanReadableCopyright = "";
				LD_RUNPATH_SEARCH_PATHS = (
					"$(inherited)",
					"@executable_path/../Frameworks",
				);
				MACOSX_DEPLOYMENT_TARGET = 12.1;
				MARKETING_VERSION = 1.0;
				PRODUCT_BUNDLE_IDENTIFIER = com.sgwags.Space;
				PRODUCT_NAME = Space;
				SDKROOT = macosx;
				SWIFT_EMIT_LOC_STRINGS = YES;
				SWIFT_VERSION = 5.0;
			};
			name = Release;
		};
/* End XCBuildConfiguration section */

/* Begin XCConfigurationList section */
		C0230E352771788500A3D02F /* Build configuration list for PBXProject "Space" */ = {
			isa = XCConfigurationList;
			buildConfigurations = (
				C0230E4D2771788500A3D02F /* Debug */,
				C0230E4E2771788500A3D02F /* Release */,
			);
			defaultConfigurationIsVisible = 0;
			defaultConfigurationName = Release;
		};
		C0230E4F2771788500A3D02F /* Build configuration list for PBXNativeTarget "Space (iOS)" */ = {
			isa = XCConfigurationList;
			buildConfigurations = (
				C0230E502771788500A3D02F /* Debug */,
				C0230E512771788500A3D02F /* Release */,
			);
			defaultConfigurationIsVisible = 0;
			defaultConfigurationName = Release;
		};
		C0230E522771788500A3D02F /* Build configuration list for PBXNativeTarget "Space (macOS)" */ = {
			isa = XCConfigurationList;
			buildConfigurations = (
				C0230E532771788500A3D02F /* Debug */,
				C0230E542771788500A3D02F /* Release */,
			);
			defaultConfigurationIsVisible = 0;
			defaultConfigurationName = Release;
		};
/* End XCConfigurationList section */

/* Begin XCRemoteSwiftPackageReference section */
		C08BC531277D17CD00E4F54C /* XCRemoteSwiftPackageReference "swift-algorithms" */ = {
			isa = XCRemoteSwiftPackageReference;
			repositoryURL = "https://github.com/apple/swift-algorithms.git";
			requirement = {
				kind = upToNextMajorVersion;
				minimumVersion = 1.0.0;
			};
		};
		C08BC534277D180E00E4F54C /* XCRemoteSwiftPackageReference "swift-collections" */ = {
			isa = XCRemoteSwiftPackageReference;
			repositoryURL = "https://github.com/apple/swift-collections.git";
			requirement = {
				kind = upToNextMajorVersion;
				minimumVersion = 1.0.0;
			};
		};
/* End XCRemoteSwiftPackageReference section */

/* Begin XCSwiftPackageProductDependency section */
		C08BC532277D17CD00E4F54C /* Algorithms */ = {
			isa = XCSwiftPackageProductDependency;
			package = C08BC531277D17CD00E4F54C /* XCRemoteSwiftPackageReference "swift-algorithms" */;
			productName = Algorithms;
		};
		C08BC535277D180E00E4F54C /* Collections */ = {
			isa = XCSwiftPackageProductDependency;
			package = C08BC534277D180E00E4F54C /* XCRemoteSwiftPackageReference "swift-collections" */;
			productName = Collections;
		};
		C08BC537277D180E00E4F54C /* DequeModule */ = {
			isa = XCSwiftPackageProductDependency;
			package = C08BC534277D180E00E4F54C /* XCRemoteSwiftPackageReference "swift-collections" */;
			productName = DequeModule;
		};
		C08BC539277D180E00E4F54C /* OrderedCollections */ = {
			isa = XCSwiftPackageProductDependency;
			package = C08BC534277D180E00E4F54C /* XCRemoteSwiftPackageReference "swift-collections" */;
			productName = OrderedCollections;
		};
/* End XCSwiftPackageProductDependency section */

/* Begin XCVersionGroup section */
		C0230E5827717F3E00A3D02F /* Model.xcdatamodeld */ = {
			isa = XCVersionGroup;
			children = (
				C0230E5927717F3E00A3D02F /* Model.xcdatamodel */,
			);
			currentVersion = C0230E5927717F3E00A3D02F /* Model.xcdatamodel */;
			path = Model.xcdatamodeld;
			sourceTree = "<group>";
			versionGroupType = wrapper.xcdatamodel;
		};
/* End XCVersionGroup section */
	};
	rootObject = C0230E322771788500A3D02F /* Project object */;
}
